{
  "version": 4,
  "terraform_version": "1.0.0",
  "serial": 286,
  "lineage": "3d16a659-b093-551c-b3ab-a1cf8aa5031c",
  "outputs": {
    "master_ip_addresses": {
      "value": {
        "micro-k8s-master-0": {
          "private_ip": "10.186.0.35",
          "public_ip": "34.118.65.241"
        }
      },
      "type": [
        "object",
        {
          "micro-k8s-master-0": [
            "object",
            {
              "private_ip": "string",
              "public_ip": "string"
            }
          ]
        }
      ]
    },
    "test": {
      "value": {
        "master-0": {
          "allow_stopping_for_update": null,
          "attached_disk": [],
          "boot_disk": [
            {
              "auto_delete": true,
              "device_name": "persistent-disk-0",
              "disk_encryption_key_raw": "",
              "disk_encryption_key_sha256": "",
              "initialize_params": [
                {
                  "image": "https://www.googleapis.com/compute/v1/projects/ubuntu-os-cloud/global/images/ubuntu-2004-focal-v20210429",
                  "labels": {},
                  "size": 10,
                  "type": "pd-standard"
                }
              ],
              "kms_key_self_link": "",
              "mode": "READ_WRITE",
              "source": "https://www.googleapis.com/compute/v1/projects/eco-bench/zones/europe-central2-a/disks/micro-k8s-master-0"
            }
          ],
          "can_ip_forward": false,
          "confidential_instance_config": [],
          "cpu_platform": "Intel Broadwell",
          "current_status": "RUNNING",
          "deletion_protection": false,
          "description": "",
          "desired_status": null,
          "enable_display": false,
          "guest_accelerator": [],
          "hostname": "",
          "id": "projects/eco-bench/zones/europe-central2-a/instances/micro-k8s-master-0",
          "instance_id": "5767778122627053753",
          "label_fingerprint": "42WmSpB8rSM=",
          "labels": null,
          "machine_type": "e2-small",
          "metadata": {
            "ssh-keys": "ubuntu:ssh-rsa AAAAB3NzaC1yc2EAAAADAQABAAABAQDH9TYlvZf3NlpvT4Rvs8gzy5WmPd9CXtB6CHNkjV6M0W6YM1tlvJemutb4w0jmHE+t9vBv5TA2dwjgmXnlFlFp8RP4Y38i/hE2licSyU72i110h+VnBe7TyBXsNveWkp5iT2khcBhkzuITiOOSxRjbClfB1p52iGJIFgAkgHcoTqe1KnOzioA/Tair1SGRKEU/I+hw6qO6jLS95jtdr72d30VLVGwL98BP6O291bMiyv5Nn731NHVBPlvy4+bf4TTub/xHFSL+d3Id+h0ub+O2cCExOHH/9+uUg1VJtbrPi8x61hBPkAzmoEXld9wmOmJupoJ07sXnriZFXQJKbsiB lucasstocksmeier@Lucass-MacBook-Pro-2.local"
          },
          "metadata_fingerprint": "ZksSmx3cJak=",
          "metadata_startup_script": "",
          "min_cpu_platform": "",
          "name": "micro-k8s-master-0",
          "network_interface": [
            {
              "access_config": [
                {
                  "nat_ip": "34.118.65.241",
                  "network_tier": "PREMIUM",
                  "public_ptr_domain_name": ""
                }
              ],
              "alias_ip_range": [],
              "name": "nic0",
              "network": "https://www.googleapis.com/compute/v1/projects/eco-bench/global/networks/default",
              "network_ip": "10.186.0.35",
              "nic_type": "",
              "subnetwork": "https://www.googleapis.com/compute/v1/projects/eco-bench/regions/europe-central2/subnetworks/default",
              "subnetwork_project": "eco-bench"
            }
          ],
          "project": "eco-bench",
          "resource_policies": null,
          "scheduling": [
            {
              "automatic_restart": true,
              "min_node_cpus": 0,
              "node_affinities": [],
              "on_host_maintenance": "MIGRATE",
              "preemptible": false
            }
          ],
          "scratch_disk": [],
          "self_link": "https://www.googleapis.com/compute/v1/projects/eco-bench/zones/europe-central2-a/instances/micro-k8s-master-0",
          "service_account": [
            {
              "email": "187503970490-compute@developer.gserviceaccount.com",
              "scopes": [
                "https://www.googleapis.com/auth/cloud-platform"
              ]
            }
          ],
          "shielded_instance_config": [
            {
              "enable_integrity_monitoring": true,
              "enable_secure_boot": false,
              "enable_vtpm": true
            }
          ],
          "tags": [
            "master"
          ],
          "tags_fingerprint": "4y7qQ8dL1yM=",
          "timeouts": null,
          "zone": "europe-central2-a"
        }
      },
      "type": [
        "object",
        {
          "master-0": [
            "object",
            {
              "allow_stopping_for_update": "bool",
              "attached_disk": [
                "list",
                [
                  "object",
                  {
                    "device_name": "string",
                    "disk_encryption_key_raw": "string",
                    "disk_encryption_key_sha256": "string",
                    "kms_key_self_link": "string",
                    "mode": "string",
                    "source": "string"
                  }
                ]
              ],
              "boot_disk": [
                "list",
                [
                  "object",
                  {
                    "auto_delete": "bool",
                    "device_name": "string",
                    "disk_encryption_key_raw": "string",
                    "disk_encryption_key_sha256": "string",
                    "initialize_params": [
                      "list",
                      [
                        "object",
                        {
                          "image": "string",
                          "labels": [
                            "map",
                            "string"
                          ],
                          "size": "number",
                          "type": "string"
                        }
                      ]
                    ],
                    "kms_key_self_link": "string",
                    "mode": "string",
                    "source": "string"
                  }
                ]
              ],
              "can_ip_forward": "bool",
              "confidential_instance_config": [
                "list",
                [
                  "object",
                  {
                    "enable_confidential_compute": "bool"
                  }
                ]
              ],
              "cpu_platform": "string",
              "current_status": "string",
              "deletion_protection": "bool",
              "description": "string",
              "desired_status": "string",
              "enable_display": "bool",
              "guest_accelerator": [
                "list",
                [
                  "object",
                  {
                    "count": "number",
                    "type": "string"
                  }
                ]
              ],
              "hostname": "string",
              "id": "string",
              "instance_id": "string",
              "label_fingerprint": "string",
              "labels": [
                "map",
                "string"
              ],
              "machine_type": "string",
              "metadata": [
                "map",
                "string"
              ],
              "metadata_fingerprint": "string",
              "metadata_startup_script": "string",
              "min_cpu_platform": "string",
              "name": "string",
              "network_interface": [
                "list",
                [
                  "object",
                  {
                    "access_config": [
                      "list",
                      [
                        "object",
                        {
                          "nat_ip": "string",
                          "network_tier": "string",
                          "public_ptr_domain_name": "string"
                        }
                      ]
                    ],
                    "alias_ip_range": [
                      "list",
                      [
                        "object",
                        {
                          "ip_cidr_range": "string",
                          "subnetwork_range_name": "string"
                        }
                      ]
                    ],
                    "name": "string",
                    "network": "string",
                    "network_ip": "string",
                    "nic_type": "string",
                    "subnetwork": "string",
                    "subnetwork_project": "string"
                  }
                ]
              ],
              "project": "string",
              "resource_policies": [
                "list",
                "string"
              ],
              "scheduling": [
                "list",
                [
                  "object",
                  {
                    "automatic_restart": "bool",
                    "min_node_cpus": "number",
                    "node_affinities": [
                      "set",
                      [
                        "object",
                        {
                          "key": "string",
                          "operator": "string",
                          "values": [
                            "set",
                            "string"
                          ]
                        }
                      ]
                    ],
                    "on_host_maintenance": "string",
                    "preemptible": "bool"
                  }
                ]
              ],
              "scratch_disk": [
                "list",
                [
                  "object",
                  {
                    "interface": "string"
                  }
                ]
              ],
              "self_link": "string",
              "service_account": [
                "list",
                [
                  "object",
                  {
                    "email": "string",
                    "scopes": [
                      "set",
                      "string"
                    ]
                  }
                ]
              ],
              "shielded_instance_config": [
                "list",
                [
                  "object",
                  {
                    "enable_integrity_monitoring": "bool",
                    "enable_secure_boot": "bool",
                    "enable_vtpm": "bool"
                  }
                ]
              ],
              "tags": [
                "set",
                "string"
              ],
              "tags_fingerprint": "string",
              "timeouts": [
                "object",
                {
                  "create": "string",
                  "delete": "string",
                  "update": "string"
                }
              ],
              "zone": "string"
            }
          ]
        }
      ],
      "sensitive": true
    },
    "worker_ip_addresses": {
      "value": {
        "micro-k8s-worker-0": {
          "private_ip": "10.138.0.11",
          "public_ip": "35.185.247.215"
        },
        "micro-k8s-worker-1": {
          "private_ip": "10.138.0.12",
          "public_ip": "34.105.38.140"
        }
      },
      "type": [
        "object",
        {
          "micro-k8s-worker-0": [
            "object",
            {
              "private_ip": "string",
              "public_ip": "string"
            }
          ],
          "micro-k8s-worker-1": [
            "object",
            {
              "private_ip": "string",
              "public_ip": "string"
            }
          ]
        }
      ]
    }
  },
  "resources": [
    {
      "mode": "managed",
      "type": "google_compute_address",
      "name": "master",
      "provider": "provider[\"registry.terraform.io/hashicorp/google\"]",
      "instances": [
        {
          "index_key": "master-0",
          "schema_version": 0,
          "attributes": {
            "address": "34.118.65.241",
            "address_type": "EXTERNAL",
            "creation_timestamp": "2021-06-23T01:00:38.461-07:00",
            "description": "",
            "id": "projects/eco-bench/regions/europe-central2/addresses/micro-k8s-master-0-pip",
            "name": "micro-k8s-master-0-pip",
            "network_tier": "PREMIUM",
            "project": "eco-bench",
            "purpose": "",
            "region": "europe-central2",
            "self_link": "https://www.googleapis.com/compute/v1/projects/eco-bench/regions/europe-central2/addresses/micro-k8s-master-0-pip",
            "subnetwork": "",
            "timeouts": null,
            "users": []
          },
          "sensitive_attributes": [],
          "private": "eyJlMmJmYjczMC1lY2FhLTExZTYtOGY4OC0zNDM2M2JjN2M0YzAiOnsiY3JlYXRlIjoyNDAwMDAwMDAwMDAsImRlbGV0ZSI6MjQwMDAwMDAwMDAwfX0="
        }
      ]
    },
    {
      "mode": "managed",
      "type": "google_compute_address",
      "name": "worker",
      "provider": "provider[\"registry.terraform.io/hashicorp/google\"]",
      "instances": [
        {
          "index_key": "worker-0",
          "schema_version": 0,
          "attributes": {
            "address": "35.185.247.215",
            "address_type": "EXTERNAL",
            "creation_timestamp": "2021-06-23T01:00:38.495-07:00",
            "description": "",
            "id": "projects/eco-bench/regions/us-west1/addresses/micro-k8s-worker-0-pip",
            "name": "micro-k8s-worker-0-pip",
            "network_tier": "PREMIUM",
            "project": "eco-bench",
            "purpose": "",
            "region": "us-west1",
            "self_link": "https://www.googleapis.com/compute/v1/projects/eco-bench/regions/us-west1/addresses/micro-k8s-worker-0-pip",
            "subnetwork": "",
            "timeouts": null,
            "users": []
          },
          "sensitive_attributes": [],
          "private": "eyJlMmJmYjczMC1lY2FhLTExZTYtOGY4OC0zNDM2M2JjN2M0YzAiOnsiY3JlYXRlIjoyNDAwMDAwMDAwMDAsImRlbGV0ZSI6MjQwMDAwMDAwMDAwfX0="
        },
        {
          "index_key": "worker-1",
          "schema_version": 0,
          "attributes": {
            "address": "34.105.38.140",
            "address_type": "EXTERNAL",
            "creation_timestamp": "2021-06-23T01:00:38.489-07:00",
            "description": "",
            "id": "projects/eco-bench/regions/us-west1/addresses/micro-k8s-worker-1-pip",
            "name": "micro-k8s-worker-1-pip",
            "network_tier": "PREMIUM",
            "project": "eco-bench",
            "purpose": "",
            "region": "us-west1",
            "self_link": "https://www.googleapis.com/compute/v1/projects/eco-bench/regions/us-west1/addresses/micro-k8s-worker-1-pip",
            "subnetwork": "",
            "timeouts": null,
            "users": []
          },
          "sensitive_attributes": [],
          "private": "eyJlMmJmYjczMC1lY2FhLTExZTYtOGY4OC0zNDM2M2JjN2M0YzAiOnsiY3JlYXRlIjoyNDAwMDAwMDAwMDAsImRlbGV0ZSI6MjQwMDAwMDAwMDAwfX0="
        }
      ]
    },
    {
      "mode": "managed",
      "type": "google_compute_address",
      "name": "worker_lb",
      "provider": "provider[\"registry.terraform.io/hashicorp/google\"]",
      "instances": [
        {
          "schema_version": 0,
          "attributes": {
            "address": "34.127.77.216",
            "address_type": "EXTERNAL",
            "creation_timestamp": "2021-06-23T01:00:38.489-07:00",
            "description": "",
            "id": "projects/eco-bench/regions/us-west1/addresses/micro-k8s-worker-lb-address",
            "name": "micro-k8s-worker-lb-address",
            "network_tier": "PREMIUM",
            "project": "eco-bench",
            "purpose": "",
            "region": "us-west1",
            "self_link": "https://www.googleapis.com/compute/v1/projects/eco-bench/regions/us-west1/addresses/micro-k8s-worker-lb-address",
            "subnetwork": "",
            "timeouts": null,
            "users": []
          },
          "sensitive_attributes": [],
          "private": "eyJlMmJmYjczMC1lY2FhLTExZTYtOGY4OC0zNDM2M2JjN2M0YzAiOnsiY3JlYXRlIjoyNDAwMDAwMDAwMDAsImRlbGV0ZSI6MjQwMDAwMDAwMDAwfX0="
        }
      ]
    },
    {
      "mode": "managed",
      "type": "google_compute_instance",
      "name": "master",
      "provider": "provider[\"registry.terraform.io/hashicorp/google\"]",
      "instances": [
        {
          "index_key": "master-0",
          "schema_version": 6,
          "attributes": {
            "allow_stopping_for_update": null,
            "attached_disk": [],
            "boot_disk": [
              {
                "auto_delete": true,
                "device_name": "persistent-disk-0",
                "disk_encryption_key_raw": "",
                "disk_encryption_key_sha256": "",
                "initialize_params": [
                  {
                    "image": "https://www.googleapis.com/compute/v1/projects/ubuntu-os-cloud/global/images/ubuntu-2004-focal-v20210429",
                    "labels": {},
                    "size": 10,
                    "type": "pd-standard"
                  }
                ],
                "kms_key_self_link": "",
                "mode": "READ_WRITE",
                "source": "https://www.googleapis.com/compute/v1/projects/eco-bench/zones/europe-central2-a/disks/micro-k8s-master-0"
              }
            ],
            "can_ip_forward": false,
            "confidential_instance_config": [],
            "cpu_platform": "Intel Broadwell",
            "current_status": "RUNNING",
            "deletion_protection": false,
            "description": "",
            "desired_status": null,
            "enable_display": false,
            "guest_accelerator": [],
            "hostname": "",
            "id": "projects/eco-bench/zones/europe-central2-a/instances/micro-k8s-master-0",
            "instance_id": "5767778122627053753",
            "label_fingerprint": "42WmSpB8rSM=",
            "labels": null,
            "machine_type": "e2-small",
            "metadata": {
              "ssh-keys": "ubuntu:ssh-rsa AAAAB3NzaC1yc2EAAAADAQABAAABAQDH9TYlvZf3NlpvT4Rvs8gzy5WmPd9CXtB6CHNkjV6M0W6YM1tlvJemutb4w0jmHE+t9vBv5TA2dwjgmXnlFlFp8RP4Y38i/hE2licSyU72i110h+VnBe7TyBXsNveWkp5iT2khcBhkzuITiOOSxRjbClfB1p52iGJIFgAkgHcoTqe1KnOzioA/Tair1SGRKEU/I+hw6qO6jLS95jtdr72d30VLVGwL98BP6O291bMiyv5Nn731NHVBPlvy4+bf4TTub/xHFSL+d3Id+h0ub+O2cCExOHH/9+uUg1VJtbrPi8x61hBPkAzmoEXld9wmOmJupoJ07sXnriZFXQJKbsiB lucasstocksmeier@Lucass-MacBook-Pro-2.local"
            },
            "metadata_fingerprint": "ZksSmx3cJak=",
            "metadata_startup_script": "",
            "min_cpu_platform": "",
            "name": "micro-k8s-master-0",
            "network_interface": [
              {
                "access_config": [
                  {
                    "nat_ip": "34.118.65.241",
                    "network_tier": "PREMIUM",
                    "public_ptr_domain_name": ""
                  }
                ],
                "alias_ip_range": [],
                "name": "nic0",
                "network": "https://www.googleapis.com/compute/v1/projects/eco-bench/global/networks/default",
                "network_ip": "10.186.0.35",
                "nic_type": "",
                "subnetwork": "https://www.googleapis.com/compute/v1/projects/eco-bench/regions/europe-central2/subnetworks/default",
                "subnetwork_project": "eco-bench"
              }
            ],
            "project": "eco-bench",
            "resource_policies": null,
            "scheduling": [
              {
                "automatic_restart": true,
                "min_node_cpus": 0,
                "node_affinities": [],
                "on_host_maintenance": "MIGRATE",
                "preemptible": false
              }
            ],
            "scratch_disk": [],
            "self_link": "https://www.googleapis.com/compute/v1/projects/eco-bench/zones/europe-central2-a/instances/micro-k8s-master-0",
            "service_account": [
              {
                "email": "187503970490-compute@developer.gserviceaccount.com",
                "scopes": [
                  "https://www.googleapis.com/auth/cloud-platform"
                ]
              }
            ],
            "shielded_instance_config": [
              {
                "enable_integrity_monitoring": true,
                "enable_secure_boot": false,
                "enable_vtpm": true
              }
            ],
            "tags": [
              "master"
            ],
            "tags_fingerprint": "4y7qQ8dL1yM=",
            "timeouts": null,
            "zone": "europe-central2-a"
          },
          "sensitive_attributes": [],
          "private": "eyJlMmJmYjczMC1lY2FhLTExZTYtOGY4OC0zNDM2M2JjN2M0YzAiOnsiY3JlYXRlIjoxMjAwMDAwMDAwMDAwLCJkZWxldGUiOjEyMDAwMDAwMDAwMDAsInVwZGF0ZSI6MTIwMDAwMDAwMDAwMH0sInNjaGVtYV92ZXJzaW9uIjoiNiJ9",
          "dependencies": [
            "google_compute_address.master"
          ]
        }
      ]
    },
    {
      "mode": "managed",
      "type": "google_compute_instance",
      "name": "worker",
      "provider": "provider[\"registry.terraform.io/hashicorp/google\"]",
      "instances": [
        {
          "index_key": "worker-0",
          "schema_version": 6,
          "attributes": {
            "allow_stopping_for_update": null,
            "attached_disk": [],
            "boot_disk": [
              {
                "auto_delete": true,
                "device_name": "persistent-disk-0",
                "disk_encryption_key_raw": "",
                "disk_encryption_key_sha256": "",
                "initialize_params": [
                  {
                    "image": "https://www.googleapis.com/compute/v1/projects/ubuntu-os-cloud/global/images/ubuntu-2004-focal-v20210429",
                    "labels": {},
                    "size": 10,
                    "type": "pd-standard"
                  }
                ],
                "kms_key_self_link": "",
                "mode": "READ_WRITE",
                "source": "https://www.googleapis.com/compute/v1/projects/eco-bench/zones/us-west1-a/disks/micro-k8s-worker-0"
              }
            ],
            "can_ip_forward": false,
            "confidential_instance_config": [],
            "cpu_platform": "Intel Broadwell",
            "current_status": "RUNNING",
            "deletion_protection": false,
            "description": "",
            "desired_status": null,
            "enable_display": false,
            "guest_accelerator": [],
            "hostname": "",
            "id": "projects/eco-bench/zones/us-west1-a/instances/micro-k8s-worker-0",
            "instance_id": "2927315863788091577",
            "label_fingerprint": "42WmSpB8rSM=",
            "labels": null,
            "machine_type": "e2-small",
            "metadata": {
              "ssh-keys": "ubuntu:ssh-rsa AAAAB3NzaC1yc2EAAAADAQABAAABAQDH9TYlvZf3NlpvT4Rvs8gzy5WmPd9CXtB6CHNkjV6M0W6YM1tlvJemutb4w0jmHE+t9vBv5TA2dwjgmXnlFlFp8RP4Y38i/hE2licSyU72i110h+VnBe7TyBXsNveWkp5iT2khcBhkzuITiOOSxRjbClfB1p52iGJIFgAkgHcoTqe1KnOzioA/Tair1SGRKEU/I+hw6qO6jLS95jtdr72d30VLVGwL98BP6O291bMiyv5Nn731NHVBPlvy4+bf4TTub/xHFSL+d3Id+h0ub+O2cCExOHH/9+uUg1VJtbrPi8x61hBPkAzmoEXld9wmOmJupoJ07sXnriZFXQJKbsiB lucasstocksmeier@Lucass-MacBook-Pro-2.local"
            },
            "metadata_fingerprint": "ZksSmx3cJak=",
            "metadata_startup_script": "",
            "min_cpu_platform": "",
            "name": "micro-k8s-worker-0",
            "network_interface": [
              {
                "access_config": [
                  {
                    "nat_ip": "35.185.247.215",
                    "network_tier": "PREMIUM",
                    "public_ptr_domain_name": ""
                  }
                ],
                "alias_ip_range": [],
                "name": "nic0",
                "network": "https://www.googleapis.com/compute/v1/projects/eco-bench/global/networks/default",
                "network_ip": "10.138.0.11",
                "nic_type": "",
                "subnetwork": "https://www.googleapis.com/compute/v1/projects/eco-bench/regions/us-west1/subnetworks/default",
                "subnetwork_project": "eco-bench"
              }
            ],
            "project": "eco-bench",
            "resource_policies": null,
            "scheduling": [
              {
                "automatic_restart": true,
                "min_node_cpus": 0,
                "node_affinities": [],
                "on_host_maintenance": "MIGRATE",
                "preemptible": false
              }
            ],
            "scratch_disk": [],
            "self_link": "https://www.googleapis.com/compute/v1/projects/eco-bench/zones/us-west1-a/instances/micro-k8s-worker-0",
            "service_account": [
              {
                "email": "187503970490-compute@developer.gserviceaccount.com",
                "scopes": [
                  "https://www.googleapis.com/auth/cloud-platform"
                ]
              }
            ],
            "shielded_instance_config": [
              {
                "enable_integrity_monitoring": true,
                "enable_secure_boot": false,
                "enable_vtpm": true
              }
            ],
            "tags": [
              "worker"
            ],
            "tags_fingerprint": "uvqiNQvnefU=",
            "timeouts": null,
            "zone": "us-west1-a"
          },
          "sensitive_attributes": [],
          "private": "eyJlMmJmYjczMC1lY2FhLTExZTYtOGY4OC0zNDM2M2JjN2M0YzAiOnsiY3JlYXRlIjoxMjAwMDAwMDAwMDAwLCJkZWxldGUiOjEyMDAwMDAwMDAwMDAsInVwZGF0ZSI6MTIwMDAwMDAwMDAwMH0sInNjaGVtYV92ZXJzaW9uIjoiNiJ9",
          "dependencies": [
            "google_compute_address.worker"
          ]
        },
        {
          "index_key": "worker-1",
          "schema_version": 6,
          "attributes": {
            "allow_stopping_for_update": null,
            "attached_disk": [],
            "boot_disk": [
              {
                "auto_delete": true,
                "device_name": "persistent-disk-0",
                "disk_encryption_key_raw": "",
                "disk_encryption_key_sha256": "",
                "initialize_params": [
                  {
                    "image": "https://www.googleapis.com/compute/v1/projects/ubuntu-os-cloud/global/images/ubuntu-2004-focal-v20210429",
                    "labels": {},
                    "size": 10,
                    "type": "pd-standard"
                  }
                ],
                "kms_key_self_link": "",
                "mode": "READ_WRITE",
                "source": "https://www.googleapis.com/compute/v1/projects/eco-bench/zones/us-west1-a/disks/micro-k8s-worker-1"
              }
            ],
            "can_ip_forward": false,
            "confidential_instance_config": [],
            "cpu_platform": "Intel Broadwell",
            "current_status": "RUNNING",
            "deletion_protection": false,
            "description": "",
            "desired_status": null,
            "enable_display": false,
            "guest_accelerator": [],
            "hostname": "",
            "id": "projects/eco-bench/zones/us-west1-a/instances/micro-k8s-worker-1",
            "instance_id": "1809273273195985081",
            "label_fingerprint": "42WmSpB8rSM=",
            "labels": null,
            "machine_type": "e2-small",
            "metadata": {
              "ssh-keys": "ubuntu:ssh-rsa AAAAB3NzaC1yc2EAAAADAQABAAABAQDH9TYlvZf3NlpvT4Rvs8gzy5WmPd9CXtB6CHNkjV6M0W6YM1tlvJemutb4w0jmHE+t9vBv5TA2dwjgmXnlFlFp8RP4Y38i/hE2licSyU72i110h+VnBe7TyBXsNveWkp5iT2khcBhkzuITiOOSxRjbClfB1p52iGJIFgAkgHcoTqe1KnOzioA/Tair1SGRKEU/I+hw6qO6jLS95jtdr72d30VLVGwL98BP6O291bMiyv5Nn731NHVBPlvy4+bf4TTub/xHFSL+d3Id+h0ub+O2cCExOHH/9+uUg1VJtbrPi8x61hBPkAzmoEXld9wmOmJupoJ07sXnriZFXQJKbsiB lucasstocksmeier@Lucass-MacBook-Pro-2.local"
            },
            "metadata_fingerprint": "ZksSmx3cJak=",
            "metadata_startup_script": "",
            "min_cpu_platform": "",
            "name": "micro-k8s-worker-1",
            "network_interface": [
              {
                "access_config": [
                  {
                    "nat_ip": "34.105.38.140",
                    "network_tier": "PREMIUM",
                    "public_ptr_domain_name": ""
                  }
                ],
                "alias_ip_range": [],
                "name": "nic0",
                "network": "https://www.googleapis.com/compute/v1/projects/eco-bench/global/networks/default",
                "network_ip": "10.138.0.12",
                "nic_type": "",
                "subnetwork": "https://www.googleapis.com/compute/v1/projects/eco-bench/regions/us-west1/subnetworks/default",
                "subnetwork_project": "eco-bench"
              }
            ],
            "project": "eco-bench",
            "resource_policies": null,
            "scheduling": [
              {
                "automatic_restart": true,
                "min_node_cpus": 0,
                "node_affinities": [],
                "on_host_maintenance": "MIGRATE",
                "preemptible": false
              }
            ],
            "scratch_disk": [],
            "self_link": "https://www.googleapis.com/compute/v1/projects/eco-bench/zones/us-west1-a/instances/micro-k8s-worker-1",
            "service_account": [
              {
                "email": "187503970490-compute@developer.gserviceaccount.com",
                "scopes": [
                  "https://www.googleapis.com/auth/cloud-platform"
                ]
              }
            ],
            "shielded_instance_config": [
              {
                "enable_integrity_monitoring": true,
                "enable_secure_boot": false,
                "enable_vtpm": true
              }
            ],
            "tags": [
              "worker"
            ],
            "tags_fingerprint": "uvqiNQvnefU=",
            "timeouts": null,
            "zone": "us-west1-a"
          },
          "sensitive_attributes": [],
          "private": "eyJlMmJmYjczMC1lY2FhLTExZTYtOGY4OC0zNDM2M2JjN2M0YzAiOnsiY3JlYXRlIjoxMjAwMDAwMDAwMDAwLCJkZWxldGUiOjEyMDAwMDAwMDAwMDAsInVwZGF0ZSI6MTIwMDAwMDAwMDAwMH0sInNjaGVtYV92ZXJzaW9uIjoiNiJ9",
          "dependencies": [
            "google_compute_address.worker"
          ]
        }
      ]
    },
    {
      "mode": "managed",
      "type": "local_file",
      "name": "AnsibleInventory",
      "provider": "provider[\"registry.terraform.io/hashicorp/local\"]",
      "instances": [
        {
          "schema_version": 0,
          "attributes": {
            "content": "[all:vars]\nansible_connection=ssh\nansible_user=lucas\n\n[cloud]\n[edge]\n[cloud:vars]\nkubernetes_role=master\n\n[edge:vars]\nkubernetes_role=edge",
            "content_base64": null,
            "directory_permission": "0777",
            "file_permission": "0777",
            "filename": "inventory",
            "id": "7753611d5aa365a02eb0d384ac1387039cec65ba",
            "sensitive_content": null,
            "source": null
          },
          "sensitive_attributes": [
            [
              {
                "type": "get_attr",
                "value": "content"
              }
            ]
          ],
          "private": "bnVsbA==",
          "dependencies": [
            "google_compute_address.worker",
            "google_compute_instance.worker"
          ]
        }
      ]
    }
  ]
}
